
Microsoft Visual Studio Solution File, Format Version 12.00
# Visual Studio 2013
VisualStudioVersion = 12.0.40629.0
MinimumVisualStudioVersion = 10.0.40219.1
Project("{FAE04EC0-301F-11D3-BF4B-00C04F79EFBC}") = "OpenDataFx", "OpenDataFx\OpenDataFx.csproj", "{5B414224-A82C-405C-A09D-F79AC855EAB8}"
EndProject
Project("{FAE04EC0-301F-11D3-BF4B-00C04F79EFBC}") = "BloggerData.Tests", "OpenDataFx.Tests\BloggerData.Tests.csproj", "{980EED2B-BDBD-49A9-99B7-372038A7EF60}"
EndProject
Project("{FAE04EC0-301F-11D3-BF4B-00C04F79EFBC}") = "BloggerData", "BloggerData\BloggerData.csproj", "{10C35DF6-A3B1-4F7C-9E4C-0D91B69C08D6}"
EndProject
Global
	GlobalSection(SolutionConfigurationPlatforms) = preSolution
		Debug|Any CPU = Debug|Any CPU
		Release|Any CPU = Release|Any CPU
	EndGlobalSection
	GlobalSection(ProjectConfigurationPlatforms) = postSolution
		{5B414224-A82C-405C-A09D-F79AC855EAB8}.Debug|Any CPU.ActiveCfg = Debug|Any CPU
		{5B414224-A82C-405C-A09D-F79AC855EAB8}.Debug|Any CPU.Build.0 = Debug|Any CPU
		{5B414224-A82C-405C-A09D-F79AC855EAB8}.Release|Any CPU.ActiveCfg = Release|Any CPU
		{5B414224-A82C-405C-A09D-F79AC855EAB8}.Release|Any CPU.Build.0 = Release|Any CPU
		{980EED2B-BDBD-49A9-99B7-372038A7EF60}.Debug|Any CPU.ActiveCfg = Debug|Any CPU
		{980EED2B-BDBD-49A9-99B7-372038A7EF60}.Debug|Any CPU.Build.0 = Debug|Any CPU
		{980EED2B-BDBD-49A9-99B7-372038A7EF60}.Release|Any CPU.ActiveCfg = Release|Any CPU
		{980EED2B-BDBD-49A9-99B7-372038A7EF60}.Release|Any CPU.Build.0 = Release|Any CPU
		{10C35DF6-A3B1-4F7C-9E4C-0D91B69C08D6}.Debug|Any CPU.ActiveCfg = Debug|Any CPU
		{10C35DF6-A3B1-4F7C-9E4C-0D91B69C08D6}.Debug|Any CPU.Build.0 = Debug|Any CPU
		{10C35DF6-A3B1-4F7C-9E4C-0D91B69C08D6}.Release|Any CPU.ActiveCfg = Release|Any CPU
		{10C35DF6-A3B1-4F7C-9E4C-0D91B69C08D6}.Release|Any CPU.Build.0 = Release|Any CPU
	EndGlobalSection
	GlobalSection(SolutionProperties) = preSolution
		HideSolutionNode = FALSE
	EndGlobalSection
EndGlobal
